
Microsoft Visual Studio Solution File, Format Version 12.00
# Visual Studio Version 17
VisualStudioVersion = 17.5.33516.290
MinimumVisualStudioVersion = 10.0.40219.1
Project("{9A19103F-16F7-4668-BE54-9A1E7A4F7556}") = "ShopMates.WebApp", "ShopMates.WebApp\ShopMates.WebApp.csproj", "{2405CF41-5DAB-4164-87AA-2B6CA224E1AB}"
EndProject
Project("{FAE04EC0-301F-11D3-BF4B-00C04F79EFBC}") = "ShopMates.Data", "ShopMates.Data\ShopMates.Data.csproj", "{92B70711-3A51-48E0-A141-4C910F063FDF}"
EndProject
Project("{FAE04EC0-301F-11D3-BF4B-00C04F79EFBC}") = "ShopMates.Application", "ShopMates.Application\ShopMates.Application.csproj", "{E5E74CE6-2487-4A16-B830-CCB5D521EBBD}"
EndProject
Global
	GlobalSection(SolutionConfigurationPlatforms) = preSolution
		Debug|Any CPU = Debug|Any CPU
		Release|Any CPU = Release|Any CPU
	EndGlobalSection
	GlobalSection(ProjectConfigurationPlatforms) = postSolution
		{2405CF41-5DAB-4164-87AA-2B6CA224E1AB}.Debug|Any CPU.ActiveCfg = Debug|Any CPU
		{2405CF41-5DAB-4164-87AA-2B6CA224E1AB}.Debug|Any CPU.Build.0 = Debug|Any CPU
		{2405CF41-5DAB-4164-87AA-2B6CA224E1AB}.Release|Any CPU.ActiveCfg = Release|Any CPU
		{2405CF41-5DAB-4164-87AA-2B6CA224E1AB}.Release|Any CPU.Build.0 = Release|Any CPU
		{92B70711-3A51-48E0-A141-4C910F063FDF}.Debug|Any CPU.ActiveCfg = Debug|Any CPU
		{92B70711-3A51-48E0-A141-4C910F063FDF}.Debug|Any CPU.Build.0 = Debug|Any CPU
		{92B70711-3A51-48E0-A141-4C910F063FDF}.Release|Any CPU.ActiveCfg = Release|Any CPU
		{92B70711-3A51-48E0-A141-4C910F063FDF}.Release|Any CPU.Build.0 = Release|Any CPU
		{E5E74CE6-2487-4A16-B830-CCB5D521EBBD}.Debug|Any CPU.ActiveCfg = Debug|Any CPU
		{E5E74CE6-2487-4A16-B830-CCB5D521EBBD}.Debug|Any CPU.Build.0 = Debug|Any CPU
		{E5E74CE6-2487-4A16-B830-CCB5D521EBBD}.Release|Any CPU.ActiveCfg = Release|Any CPU
		{E5E74CE6-2487-4A16-B830-CCB5D521EBBD}.Release|Any CPU.Build.0 = Release|Any CPU
	EndGlobalSection
	GlobalSection(SolutionProperties) = preSolution
		HideSolutionNode = FALSE
	EndGlobalSection
	GlobalSection(ExtensibilityGlobals) = postSolution
		SolutionGuid = {166C3D11-5B81-446A-9A9A-03DCBB06D59E}
	EndGlobalSection
EndGlobal
