
Microsoft Visual Studio Solution File, Format Version 12.00
# Visual Studio Version 17
VisualStudioVersion = 17.5.33516.290
MinimumVisualStudioVersion = 10.0.40219.1
Project("{9A19103F-16F7-4668-BE54-9A1E7A4F7556}") = "ShopMates.Data", "ShopMates.Data\ShopMates.Data.csproj", "{92B70711-3A51-48E0-A141-4C910F063FDF}"
EndProject
Project("{9A19103F-16F7-4668-BE54-9A1E7A4F7556}") = "ShopMates.Application", "ShopMates.Application\ShopMates.Application.csproj", "{E5E74CE6-2487-4A16-B830-CCB5D521EBBD}"
EndProject
Project("{9A19103F-16F7-4668-BE54-9A1E7A4F7556}") = "ShopMates.Utilities", "ShopMates.Utilities\ShopMates.Utilities.csproj", "{3B99C93A-6F52-41AA-8D38-2363A9E76C8F}"
EndProject
Project("{9A19103F-16F7-4668-BE54-9A1E7A4F7556}") = "ShopMates.ViewModels", "ShopMates.ViewModels\ShopMates.ViewModels.csproj", "{5227775C-B229-4F00-920A-FD2EF9BF067A}"
EndProject
Project("{9A19103F-16F7-4668-BE54-9A1E7A4F7556}") = "ShopMates.BEAPI", "ShopMates.BEAPI\ShopMates.BEAPI.csproj", "{6F155F2E-D63D-4203-AC14-2908BC9D88FE}"
EndProject
Project("{2150E333-8FDC-42A3-9474-1A3956D46DE8}") = "Solution Items", "Solution Items", "{95BF1CBF-CB64-49B5-ADD0-0DD641C90580}"
	ProjectSection(SolutionItems) = preProject
		docker-compose.yml = docker-compose.yml
		Dockerfile-Admin = Dockerfile-Admin
		Dockerfile-API = Dockerfile-API
		Dockerfile-web = Dockerfile-web
	EndProjectSection
EndProject
Project("{9A19103F-16F7-4668-BE54-9A1E7A4F7556}") = "ShopMates.Web", "ShopMates.Web\ShopMates.Web.csproj", "{D60F36BB-A376-42DF-B030-E54FBFECF3BD}"
EndProject
Project("{9A19103F-16F7-4668-BE54-9A1E7A4F7556}") = "ShopMates.Admin", "ShopMates.Admin\ShopMates.Admin.csproj", "{170458DE-948B-4260-9BC0-E3437917FB80}"
EndProject
Project("{9A19103F-16F7-4668-BE54-9A1E7A4F7556}") = "ShopMates.Integration", "ShopMates.Integration\ShopMates.Integration.csproj", "{90E4BEC8-D05C-43E3-8E51-31B2F772BEAF}"
EndProject
Global
	GlobalSection(SolutionConfigurationPlatforms) = preSolution
		Debug|Any CPU = Debug|Any CPU
		Release|Any CPU = Release|Any CPU
	EndGlobalSection
	GlobalSection(ProjectConfigurationPlatforms) = postSolution
		{92B70711-3A51-48E0-A141-4C910F063FDF}.Debug|Any CPU.ActiveCfg = Debug|Any CPU
		{92B70711-3A51-48E0-A141-4C910F063FDF}.Debug|Any CPU.Build.0 = Debug|Any CPU
		{92B70711-3A51-48E0-A141-4C910F063FDF}.Release|Any CPU.ActiveCfg = Release|Any CPU
		{92B70711-3A51-48E0-A141-4C910F063FDF}.Release|Any CPU.Build.0 = Release|Any CPU
		{E5E74CE6-2487-4A16-B830-CCB5D521EBBD}.Debug|Any CPU.ActiveCfg = Debug|Any CPU
		{E5E74CE6-2487-4A16-B830-CCB5D521EBBD}.Debug|Any CPU.Build.0 = Debug|Any CPU
		{E5E74CE6-2487-4A16-B830-CCB5D521EBBD}.Release|Any CPU.ActiveCfg = Release|Any CPU
		{E5E74CE6-2487-4A16-B830-CCB5D521EBBD}.Release|Any CPU.Build.0 = Release|Any CPU
		{3B99C93A-6F52-41AA-8D38-2363A9E76C8F}.Debug|Any CPU.ActiveCfg = Debug|Any CPU
		{3B99C93A-6F52-41AA-8D38-2363A9E76C8F}.Debug|Any CPU.Build.0 = Debug|Any CPU
		{3B99C93A-6F52-41AA-8D38-2363A9E76C8F}.Release|Any CPU.ActiveCfg = Release|Any CPU
		{3B99C93A-6F52-41AA-8D38-2363A9E76C8F}.Release|Any CPU.Build.0 = Release|Any CPU
		{5227775C-B229-4F00-920A-FD2EF9BF067A}.Debug|Any CPU.ActiveCfg = Debug|Any CPU
		{5227775C-B229-4F00-920A-FD2EF9BF067A}.Debug|Any CPU.Build.0 = Debug|Any CPU
		{5227775C-B229-4F00-920A-FD2EF9BF067A}.Release|Any CPU.ActiveCfg = Release|Any CPU
		{5227775C-B229-4F00-920A-FD2EF9BF067A}.Release|Any CPU.Build.0 = Release|Any CPU
		{6F155F2E-D63D-4203-AC14-2908BC9D88FE}.Debug|Any CPU.ActiveCfg = Debug|Any CPU
		{6F155F2E-D63D-4203-AC14-2908BC9D88FE}.Debug|Any CPU.Build.0 = Debug|Any CPU
		{6F155F2E-D63D-4203-AC14-2908BC9D88FE}.Release|Any CPU.ActiveCfg = Release|Any CPU
		{6F155F2E-D63D-4203-AC14-2908BC9D88FE}.Release|Any CPU.Build.0 = Release|Any CPU
		{D60F36BB-A376-42DF-B030-E54FBFECF3BD}.Debug|Any CPU.ActiveCfg = Debug|Any CPU
		{D60F36BB-A376-42DF-B030-E54FBFECF3BD}.Debug|Any CPU.Build.0 = Debug|Any CPU
		{D60F36BB-A376-42DF-B030-E54FBFECF3BD}.Release|Any CPU.ActiveCfg = Release|Any CPU
		{D60F36BB-A376-42DF-B030-E54FBFECF3BD}.Release|Any CPU.Build.0 = Release|Any CPU
		{170458DE-948B-4260-9BC0-E3437917FB80}.Debug|Any CPU.ActiveCfg = Debug|Any CPU
		{170458DE-948B-4260-9BC0-E3437917FB80}.Debug|Any CPU.Build.0 = Debug|Any CPU
		{170458DE-948B-4260-9BC0-E3437917FB80}.Release|Any CPU.ActiveCfg = Release|Any CPU
		{170458DE-948B-4260-9BC0-E3437917FB80}.Release|Any CPU.Build.0 = Release|Any CPU
		{90E4BEC8-D05C-43E3-8E51-31B2F772BEAF}.Debug|Any CPU.ActiveCfg = Debug|Any CPU
		{90E4BEC8-D05C-43E3-8E51-31B2F772BEAF}.Debug|Any CPU.Build.0 = Debug|Any CPU
		{90E4BEC8-D05C-43E3-8E51-31B2F772BEAF}.Release|Any CPU.ActiveCfg = Release|Any CPU
		{90E4BEC8-D05C-43E3-8E51-31B2F772BEAF}.Release|Any CPU.Build.0 = Release|Any CPU
	EndGlobalSection
	GlobalSection(SolutionProperties) = preSolution
		HideSolutionNode = FALSE
	EndGlobalSection
	GlobalSection(ExtensibilityGlobals) = postSolution
		SolutionGuid = {166C3D11-5B81-446A-9A9A-03DCBB06D59E}
	EndGlobalSection
EndGlobal
